
Microsoft Visual Studio Solution File, Format Version 12.00
# Visual Studio Version 16
VisualStudioVersion = 16.0.30320.27
MinimumVisualStudioVersion = 10.0.40219.1
Project("{FAE04EC0-301F-11D3-BF4B-00C04F79EFBC}") = "CharineaBot", "CharineaBot\CharineaBot.csproj", "{C55354D4-146E-4A5E-8FE4-F3298811E8C6}"
EndProject
Global
	GlobalSection(SolutionConfigurationPlatforms) = preSolution
		Debug|Any CPU = Debug|Any CPU
		Release|Any CPU = Release|Any CPU
	EndGlobalSection
	GlobalSection(ProjectConfigurationPlatforms) = postSolution
		{C55354D4-146E-4A5E-8FE4-F3298811E8C6}.Debug|Any CPU.ActiveCfg = Debug|Any CPU
		{C55354D4-146E-4A5E-8FE4-F3298811E8C6}.Debug|Any CPU.Build.0 = Debug|Any CPU
		{C55354D4-146E-4A5E-8FE4-F3298811E8C6}.Release|Any CPU.ActiveCfg = Release|Any CPU
		{C55354D4-146E-4A5E-8FE4-F3298811E8C6}.Release|Any CPU.Build.0 = Release|Any CPU
	EndGlobalSection
	GlobalSection(SolutionProperties) = preSolution
		HideSolutionNode = FALSE
	EndGlobalSection
	GlobalSection(ExtensibilityGlobals) = postSolution
		SolutionGuid = {5E0F2710-D5FE-4E05-A591-89E5A9AC08FF}
	EndGlobalSection
EndGlobal
